# This file is automatically @generated by Cargo.
# It is not intended for manual editing.
version = 4

[[package]]
name = "ffi-types"
version = "0.1.0"

[[package]]
name = "jpeg-core"
version = "0.1.0"
dependencies = [
 "ffi-types",
]

[[package]]
name = "jpeg-tools"
version = "0.1.0"

[[package]]
name = "libjpeg-abi"
version = "0.1.0"
dependencies = [
 "ffi-types",
 "jpeg-core",
]

[[package]]
name = "libturbojpeg-abi"
version = "0.1.0"

[[package]]
name = "safe"
version = "0.1.0"
dependencies = [
 "ffi-types",
 "jpeg-core",
 "jpeg-tools",
 "libjpeg-abi",
 "libturbojpeg-abi",
]
